
Microsoft Visual Studio Solution File, Format Version 12.00
# Visual Studio 15
VisualStudioVersion = 15.0.27703.2018
MinimumVisualStudioVersion = 10.0.40219.1
Project("{8BC9CEB8-8B4A-11D0-8D11-00A0C91BC942}") = "TeamProject", "TeamProject\TeamProject.vcxproj", "{39EE29CF-5B31-4AD2-9C81-EAE0C25385DE}"
EndProject
Global
	GlobalSection(SolutionConfigurationPlatforms) = preSolution
		Debug|x64 = Debug|x64
		Debug|x86 = Debug|x86
		Release|x64 = Release|x64
		Release|x86 = Release|x86
	EndGlobalSection
	GlobalSection(ProjectConfigurationPlatforms) = postSolution
		{39EE29CF-5B31-4AD2-9C81-EAE0C25385DE}.Debug|x64.ActiveCfg = Debug|x64
		{39EE29CF-5B31-4AD2-9C81-EAE0C25385DE}.Debug|x64.Build.0 = Debug|x64
		{39EE29CF-5B31-4AD2-9C81-EAE0C25385DE}.Debug|x86.ActiveCfg = Debug|Win32
		{39EE29CF-5B31-4AD2-9C81-EAE0C25385DE}.Debug|x86.Build.0 = Debug|Win32
		{39EE29CF-5B31-4AD2-9C81-EAE0C25385DE}.Release|x64.ActiveCfg = Release|x64
		{39EE29CF-5B31-4AD2-9C81-EAE0C25385DE}.Release|x64.Build.0 = Release|x64
		{39EE29CF-5B31-4AD2-9C81-EAE0C25385DE}.Release|x86.ActiveCfg = Release|Win32
		{39EE29CF-5B31-4AD2-9C81-EAE0C25385DE}.Release|x86.Build.0 = Release|Win32
	EndGlobalSection
	GlobalSection(SolutionProperties) = preSolution
		HideSolutionNode = FALSE
	EndGlobalSection
	GlobalSection(ExtensibilityGlobals) = postSolution
		SolutionGuid = {18328097-C190-4DD6-B32B-6FD0344A7D17}
	EndGlobalSection
EndGlobal
